
Microsoft Visual Studio Solution File, Format Version 12.00
# Visual Studio Version 17
VisualStudioVersion = 17.0.32112.339
MinimumVisualStudioVersion = 10.0.40219.1
Project("{FAE04EC0-301F-11D3-BF4B-00C04F79EFBC}") = "Paycore_patika_hw2", "Paycore_patika_hw2\Paycore_patika_hw2.csproj", "{DBEF1F79-F4F5-4DA9-BF0D-32F70AF3A451}"
EndProject
Global
	GlobalSection(SolutionConfigurationPlatforms) = preSolution
		Debug|Any CPU = Debug|Any CPU
		Release|Any CPU = Release|Any CPU
	EndGlobalSection
	GlobalSection(ProjectConfigurationPlatforms) = postSolution
		{DBEF1F79-F4F5-4DA9-BF0D-32F70AF3A451}.Debug|Any CPU.ActiveCfg = Debug|Any CPU
		{DBEF1F79-F4F5-4DA9-BF0D-32F70AF3A451}.Debug|Any CPU.Build.0 = Debug|Any CPU
		{DBEF1F79-F4F5-4DA9-BF0D-32F70AF3A451}.Release|Any CPU.ActiveCfg = Release|Any CPU
		{DBEF1F79-F4F5-4DA9-BF0D-32F70AF3A451}.Release|Any CPU.Build.0 = Release|Any CPU
	EndGlobalSection
	GlobalSection(SolutionProperties) = preSolution
		HideSolutionNode = FALSE
	EndGlobalSection
	GlobalSection(ExtensibilityGlobals) = postSolution
		SolutionGuid = {5FCBA4EB-E7B2-4046-B6DF-7C4BACDE5A7F}
	EndGlobalSection
EndGlobal
